// !$*UTF8*$!
{
	archiveVersion = 1;
	classes = {
	};
	objectVersion = 46;
	objects = {

/* Begin PBXBuildFile section */
		708431021EBC19C300EE96D7 /* NSCalendar+STPicker.h in Headers */ = {isa = PBXBuildFile; fileRef = 70A436091E20888E001601A4 /* NSCalendar+STPicker.h */; settings = {ATTRIBUTES = (Public, ); }; };
		708431031EBC19C300EE96D7 /* STPickerArea.h in Headers */ = {isa = PBXBuildFile; fileRef = 70A4360B1E20888E001601A4 /* STPickerArea.h */; settings = {ATTRIBUTES = (Public, ); }; };
		708431041EBC19C300EE96D7 /* STPickerDate.h in Headers */ = {isa = PBXBuildFile; fileRef = 70A4360D1E20888E001601A4 /* STPickerDate.h */; settings = {ATTRIBUTES = (Public, ); }; };
		708431051EBC19C300EE96D7 /* STPickerSingle.h in Headers */ = {isa = PBXBuildFile; fileRef = 70A4360F1E20888F001601A4 /* STPickerSingle.h */; settings = {ATTRIBUTES = (Public, ); }; };
		708431061EBC19C300EE96D7 /* STPickerView.h in Headers */ = {isa = PBXBuildFile; fileRef = 70A436111E20888F001601A4 /* STPickerView.h */; settings = {ATTRIBUTES = (Public, ); }; };
		708431091EBC19C300EE96D7 /* STPickerViewUI.h in Headers */ = {isa = PBXBuildFile; fileRef = 70A436161E20888F001601A4 /* STPickerViewUI.h */; settings = {ATTRIBUTES = (Public, ); }; };
		70A435F81E208863001601A4 /* area.plist in Resources */ = {isa = PBXBuildFile; fileRef = 70A435E41E208863001601A4 /* area.plist */; };
		70A4361B1E20888F001601A4 /* NSCalendar+STPicker.m in Sources */ = {isa = PBXBuildFile; fileRef = 70A4360A1E20888E001601A4 /* NSCalendar+STPicker.m */; };
		70A4361D1E20888F001601A4 /* STPickerArea.m in Sources */ = {isa = PBXBuildFile; fileRef = 70A4360C1E20888E001601A4 /* STPickerArea.m */; };
		70A4361F1E20888F001601A4 /* STPickerDate.m in Sources */ = {isa = PBXBuildFile; fileRef = 70A4360E1E20888E001601A4 /* STPickerDate.m */; };
		70A436211E20888F001601A4 /* STPickerSingle.m in Sources */ = {isa = PBXBuildFile; fileRef = 70A436101E20888F001601A4 /* STPickerSingle.m */; };
		70A436231E20888F001601A4 /* STPickerView.m in Sources */ = {isa = PBXBuildFile; fileRef = 70A436121E20888F001601A4 /* STPickerView.m */; };
		70A436281E20888F001601A4 /* STPickerViewUI.m in Sources */ = {isa = PBXBuildFile; fileRef = 70A436171E20888F001601A4 /* STPickerViewUI.m */; };
		70B0DEC21EBC55F400837A55 /* UIView+STPicker.h in Headers */ = {isa = PBXBuildFile; fileRef = 70B0DEC01EBC55F400837A55 /* UIView+STPicker.h */; };
		70B0DEC31EBC55F400837A55 /* UIView+STPicker.m in Sources */ = {isa = PBXBuildFile; fileRef = 70B0DEC11EBC55F400837A55 /* UIView+STPicker.m */; };
/* End PBXBuildFile section */

/* Begin PBXFileReference section */
		70A435B11E20877E001601A4 /* STPickerView.framework */ = {isa = PBXFileReference; explicitFileType = wrapper.framework; includeInIndex = 0; path = STPickerView.framework; sourceTree = BUILT_PRODUCTS_DIR; };
		70A435E01E208863001601A4 /* Info.plist */ = {isa = PBXFileReference; fileEncoding = 4; lastKnownFileType = text.plist.xml; path = Info.plist; sourceTree = "<group>"; };
		70A435E41E208863001601A4 /* area.plist */ = {isa = PBXFileReference; fileEncoding = 4; lastKnownFileType = text.plist.xml; path = area.plist; sourceTree = "<group>"; };
		70A436091E20888E001601A4 /* NSCalendar+STPicker.h */ = {isa = PBXFileReference; fileEncoding = 4; lastKnownFileType = sourcecode.c.h; path = "NSCalendar+STPicker.h"; sourceTree = "<group>"; };
		70A4360A1E20888E001601A4 /* NSCalendar+STPicker.m */ = {isa = PBXFileReference; fileEncoding = 4; lastKnownFileType = sourcecode.c.objc; path = "NSCalendar+STPicker.m"; sourceTree = "<group>"; };
		70A4360B1E20888E001601A4 /* STPickerArea.h */ = {isa = PBXFileReference; fileEncoding = 4; lastKnownFileType = sourcecode.c.h; path = STPickerArea.h; sourceTree = "<group>"; };
		70A4360C1E20888E001601A4 /* STPickerArea.m */ = {isa = PBXFileReference; fileEncoding = 4; lastKnownFileType = sourcecode.c.objc; path = STPickerArea.m; sourceTree = "<group>"; };
		70A4360D1E20888E001601A4 /* STPickerDate.h */ = {isa = PBXFileReference; fileEncoding = 4; lastKnownFileType = sourcecode.c.h; path = STPickerDate.h; sourceTree = "<group>"; };
		70A4360E1E20888E001601A4 /* STPickerDate.m */ = {isa = PBXFileReference; fileEncoding = 4; lastKnownFileType = sourcecode.c.objc; path = STPickerDate.m; sourceTree = "<group>"; };
		70A4360F1E20888F001601A4 /* STPickerSingle.h */ = {isa = PBXFileReference; fileEncoding = 4; lastKnownFileType = sourcecode.c.h; path = STPickerSingle.h; sourceTree = "<group>"; };
		70A436101E20888F001601A4 /* STPickerSingle.m */ = {isa = PBXFileReference; fileEncoding = 4; lastKnownFileType = sourcecode.c.objc; path = STPickerSingle.m; sourceTree = "<group>"; };
		70A436111E20888F001601A4 /* STPickerView.h */ = {isa = PBXFileReference; fileEncoding = 4; lastKnownFileType = sourcecode.c.h; path = STPickerView.h; sourceTree = "<group>"; };
		70A436121E20888F001601A4 /* STPickerView.m */ = {isa = PBXFileReference; fileEncoding = 4; lastKnownFileType = sourcecode.c.objc; path = STPickerView.m; sourceTree = "<group>"; };
		70A436161E20888F001601A4 /* STPickerViewUI.h */ = {isa = PBXFileReference; fileEncoding = 4; lastKnownFileType = sourcecode.c.h; path = STPickerViewUI.h; sourceTree = "<group>"; };
		70A436171E20888F001601A4 /* STPickerViewUI.m */ = {isa = PBXFileReference; fileEncoding = 4; lastKnownFileType = sourcecode.c.objc; path = STPickerViewUI.m; sourceTree = "<group>"; };
		70B0DEC01EBC55F400837A55 /* UIView+STPicker.h */ = {isa = PBXFileReference; fileEncoding = 4; lastKnownFileType = sourcecode.c.h; path = "UIView+STPicker.h"; sourceTree = "<group>"; };
		70B0DEC11EBC55F400837A55 /* UIView+STPicker.m */ = {isa = PBXFileReference; fileEncoding = 4; lastKnownFileType = sourcecode.c.objc; path = "UIView+STPicker.m"; sourceTree = "<group>"; };
/* End PBXFileReference section */

/* Begin PBXFrameworksBuildPhase section */
		70A435AD1E20877E001601A4 /* Frameworks */ = {
			isa = PBXFrameworksBuildPhase;
			buildActionMask = 2147483647;
			files = (
			);
			runOnlyForDeploymentPostprocessing = 0;
		};
/* End PBXFrameworksBuildPhase section */

/* Begin PBXGroup section */
		70A435A71E20877E001601A4 = {
			isa = PBXGroup;
			children = (
				70A435DE1E208863001601A4 /* STPickerView */,
				70A435B21E20877E001601A4 /* Products */,
			);
			sourceTree = "<group>";
		};
		70A435B21E20877E001601A4 /* Products */ = {
			isa = PBXGroup;
			children = (
				70A435B11E20877E001601A4 /* STPickerView.framework */,
			);
			name = Products;
			sourceTree = "<group>";
		};
		70A435DE1E208863001601A4 /* STPickerView */ = {
			isa = PBXGroup;
			children = (
				70A436081E20888E001601A4 /* STPickerView */,
				70A435DF1E208863001601A4 /* FramewordInfo */,
				70A435E31E208863001601A4 /* Resource */,
			);
			path = STPickerView;
			sourceTree = "<group>";
		};
		70A435DF1E208863001601A4 /* FramewordInfo */ = {
			isa = PBXGroup;
			children = (
				70A435E01E208863001601A4 /* Info.plist */,
			);
			path = FramewordInfo;
			sourceTree = "<group>";
		};
		70A435E31E208863001601A4 /* Resource */ = {
			isa = PBXGroup;
			children = (
				70A435E41E208863001601A4 /* area.plist */,
			);
			path = Resource;
			sourceTree = "<group>";
		};
		70A436081E20888E001601A4 /* STPickerView */ = {
			isa = PBXGroup;
			children = (
				70A436091E20888E001601A4 /* NSCalendar+STPicker.h */,
				70A4360A1E20888E001601A4 /* NSCalendar+STPicker.m */,
				70A4360B1E20888E001601A4 /* STPickerArea.h */,
				70A4360C1E20888E001601A4 /* STPickerArea.m */,
				70A4360D1E20888E001601A4 /* STPickerDate.h */,
				70A4360E1E20888E001601A4 /* STPickerDate.m */,
				70A4360F1E20888F001601A4 /* STPickerSingle.h */,
				70A436101E20888F001601A4 /* STPickerSingle.m */,
				70A436111E20888F001601A4 /* STPickerView.h */,
				70A436121E20888F001601A4 /* STPickerView.m */,
				70A436161E20888F001601A4 /* STPickerViewUI.h */,
				70A436171E20888F001601A4 /* STPickerViewUI.m */,
				70B0DEC01EBC55F400837A55 /* UIView+STPicker.h */,
				70B0DEC11EBC55F400837A55 /* UIView+STPicker.m */,
			);
			path = STPickerView;
			sourceTree = "<group>";
		};
/* End PBXGroup section */

/* Begin PBXHeadersBuildPhase section */
		70A435AE1E20877E001601A4 /* Headers */ = {
			isa = PBXHeadersBuildPhase;
			buildActionMask = 2147483647;
			files = (
				708431021EBC19C300EE96D7 /* NSCalendar+STPicker.h in Headers */,
				708431031EBC19C300EE96D7 /* STPickerArea.h in Headers */,
				708431041EBC19C300EE96D7 /* STPickerDate.h in Headers */,
				708431051EBC19C300EE96D7 /* STPickerSingle.h in Headers */,
				708431061EBC19C300EE96D7 /* STPickerView.h in Headers */,
				708431091EBC19C300EE96D7 /* STPickerViewUI.h in Headers */,
				70B0DEC21EBC55F400837A55 /* UIView+STPicker.h in Headers */,
			);
			runOnlyForDeploymentPostprocessing = 0;
		};
/* End PBXHeadersBuildPhase section */

/* Begin PBXNativeTarget section */
		70A435B01E20877E001601A4 /* STPickerView */ = {
			isa = PBXNativeTarget;
			buildConfigurationList = 70A435B91E20877E001601A4 /* Build configuration list for PBXNativeTarget "STPickerView" */;
			buildPhases = (
				70A435AC1E20877E001601A4 /* Sources */,
				70A435AD1E20877E001601A4 /* Frameworks */,
				70A435AE1E20877E001601A4 /* Headers */,
				70A435AF1E20877E001601A4 /* Resources */,
			);
			buildRules = (
			);
			dependencies = (
			);
			name = STPickerView;
			productName = STPickerView;
			productReference = 70A435B11E20877E001601A4 /* STPickerView.framework */;
			productType = "com.apple.product-type.framework";
		};
/* End PBXNativeTarget section */

/* Begin PBXProject section */
		70A435A81E20877E001601A4 /* Project object */ = {
			isa = PBXProject;
			attributes = {
				LastUpgradeCheck = 0810;
				ORGANIZATIONNAME = ST;
				TargetAttributes = {
					70A435B01E20877E001601A4 = {
						CreatedOnToolsVersion = 8.1;
						DevelopmentTeam = Z25J3BA353;
						ProvisioningStyle = Automatic;
					};
				};
			};
			buildConfigurationList = 70A435AB1E20877E001601A4 /* Build configuration list for PBXProject "STPickerView" */;
			compatibilityVersion = "Xcode 3.2";
			developmentRegion = English;
			hasScannedForEncodings = 0;
			knownRegions = (
				en,
			);
			mainGroup = 70A435A71E20877E001601A4;
			productRefGroup = 70A435B21E20877E001601A4 /* Products */;
			projectDirPath = "";
			projectRoot = "";
			targets = (
				70A435B01E20877E001601A4 /* STPickerView */,
			);
		};
/* End PBXProject section */

/* Begin PBXResourcesBuildPhase section */
		70A435AF1E20877E001601A4 /* Resources */ = {
			isa = PBXResourcesBuildPhase;
			buildActionMask = 2147483647;
			files = (
				70A435F81E208863001601A4 /* area.plist in Resources */,
			);
			runOnlyForDeploymentPostprocessing = 0;
		};
/* End PBXResourcesBuildPhase section */

/* Begin PBXSourcesBuildPhase section */
		70A435AC1E20877E001601A4 /* Sources */ = {
			isa = PBXSourcesBuildPhase;
			buildActionMask = 2147483647;
			files = (
				70A4361F1E20888F001601A4 /* STPickerDate.m in Sources */,
				70A436281E20888F001601A4 /* STPickerViewUI.m in Sources */,
				70A4361B1E20888F001601A4 /* NSCalendar+STPicker.m in Sources */,
				70A436211E20888F001601A4 /* STPickerSingle.m in Sources */,
				70B0DEC31EBC55F400837A55 /* UIView+STPicker.m in Sources */,
				70A436231E20888F001601A4 /* STPickerView.m in Sources */,
				70A4361D1E20888F001601A4 /* STPickerArea.m in Sources */,
			);
			runOnlyForDeploymentPostprocessing = 0;
		};
/* End PBXSourcesBuildPhase section */

/* Begin XCBuildConfiguration section */
		70A435B71E20877E001601A4 /* Debug */ = {
			isa = XCBuildConfiguration;
			buildSettings = {
				ALWAYS_SEARCH_USER_PATHS = NO;
				CLANG_ANALYZER_NONNULL = YES;
				CLANG_CXX_LANGUAGE_STANDARD = "gnu++0x";
				CLANG_CXX_LIBRARY = "libc++";
				CLANG_ENABLE_MODULES = YES;
				CLANG_ENABLE_OBJC_ARC = YES;
				CLANG_WARN_BOOL_CONVERSION = YES;
				CLANG_WARN_CONSTANT_CONVERSION = YES;
				CLANG_WARN_DIRECT_OBJC_ISA_USAGE = YES_ERROR;
				CLANG_WARN_DOCUMENTATION_COMMENTS = YES;
				CLANG_WARN_EMPTY_BODY = YES;
				CLANG_WARN_ENUM_CONVERSION = YES;
				CLANG_WARN_INFINITE_RECURSION = YES;
				CLANG_WARN_INT_CONVERSION = YES;
				CLANG_WARN_OBJC_ROOT_CLASS = YES_ERROR;
				CLANG_WARN_SUSPICIOUS_MOVES = YES;
				CLANG_WARN_UNREACHABLE_CODE = YES;
				CLANG_WARN__DUPLICATE_METHOD_MATCH = YES;
				"CODE_SIGN_IDENTITY[sdk=iphoneos*]" = "iPhone Developer";
				COPY_PHASE_STRIP = NO;
				CURRENT_PROJECT_VERSION = 1;
				DEBUG_INFORMATION_FORMAT = dwarf;
				ENABLE_STRICT_OBJC_MSGSEND = YES;
				ENABLE_TESTABILITY = YES;
				GCC_C_LANGUAGE_STANDARD = gnu99;
				GCC_DYNAMIC_NO_PIC = NO;
				GCC_NO_COMMON_BLOCKS = YES;
				GCC_OPTIMIZATION_LEVEL = 0;
				GCC_PREPROCESSOR_DEFINITIONS = (
					"DEBUG=1",
					"$(inherited)",
				);
				GCC_WARN_64_TO_32_BIT_CONVERSION = YES;
				GCC_WARN_ABOUT_RETURN_TYPE = YES_ERROR;
				GCC_WARN_UNDECLARED_SELECTOR = YES;
				GCC_WARN_UNINITIALIZED_AUTOS = YES_AGGRESSIVE;
				GCC_WARN_UNUSED_FUNCTION = YES;
				GCC_WARN_UNUSED_VARIABLE = YES;
				IPHONEOS_DEPLOYMENT_TARGET = 7.0;
				MTL_ENABLE_DEBUG_INFO = YES;
				ONLY_ACTIVE_ARCH = NO;
				SDKROOT = iphoneos;
				TARGETED_DEVICE_FAMILY = "1,2";
				VERSIONING_SYSTEM = "apple-generic";
				VERSION_INFO_PREFIX = "";
			};
			name = Debug;
		};
		70A435B81E20877E001601A4 /* Release */ = {
			isa = XCBuildConfiguration;
			buildSettings = {
				ALWAYS_SEARCH_USER_PATHS = NO;
				CLANG_ANALYZER_NONNULL = YES;
				CLANG_CXX_LANGUAGE_STANDARD = "gnu++0x";
				CLANG_CXX_LIBRARY = "libc++";
				CLANG_ENABLE_MODULES = YES;
				CLANG_ENABLE_OBJC_ARC = YES;
				CLANG_WARN_BOOL_CONVERSION = YES;
				CLANG_WARN_CONSTANT_CONVERSION = YES;
				CLANG_WARN_DIRECT_OBJC_ISA_USAGE = YES_ERROR;
				CLANG_WARN_DOCUMENTATION_COMMENTS = YES;
				CLANG_WARN_EMPTY_BODY = YES;
				CLANG_WARN_ENUM_CONVERSION = YES;
				CLANG_WARN_INFINITE_RECURSION = YES;
				CLANG_WARN_INT_CONVERSION = YES;
				CLANG_WARN_OBJC_ROOT_CLASS = YES_ERROR;
				CLANG_WARN_SUSPICIOUS_MOVES = YES;
				CLANG_WARN_UNREACHABLE_CODE = YES;
				CLANG_WARN__DUPLICATE_METHOD_MATCH = YES;
				"CODE_SIGN_IDENTITY[sdk=iphoneos*]" = "iPhone Developer";
				COPY_PHASE_STRIP = NO;
				CURRENT_PROJECT_VERSION = 1;
				DEBUG_INFORMATION_FORMAT = "dwarf-with-dsym";
				ENABLE_NS_ASSERTIONS = NO;
				ENABLE_STRICT_OBJC_MSGSEND = YES;
				GCC_C_LANGUAGE_STANDARD = gnu99;
				GCC_NO_COMMON_BLOCKS = YES;
				GCC_WARN_64_TO_32_BIT_CONVERSION = YES;
				GCC_WARN_ABOUT_RETURN_TYPE = YES_ERROR;
				GCC_WARN_UNDECLARED_SELECTOR = YES;
				GCC_WARN_UNINITIALIZED_AUTOS = YES_AGGRESSIVE;
				GCC_WARN_UNUSED_FUNCTION = YES;
				GCC_WARN_UNUSED_VARIABLE = YES;
				IPHONEOS_DEPLOYMENT_TARGET = 7.0;
				MTL_ENABLE_DEBUG_INFO = NO;
				ONLY_ACTIVE_ARCH = NO;
				SDKROOT = iphoneos;
				TARGETED_DEVICE_FAMILY = "1,2";
				VALIDATE_PRODUCT = YES;
				VERSIONING_SYSTEM = "apple-generic";
				VERSION_INFO_PREFIX = "";
			};
			name = Release;
		};
		70A435BA1E20877E001601A4 /* Debug */ = {
			isa = XCBuildConfiguration;
			buildSettings = {
				CODE_SIGN_IDENTITY = "";
				DEFINES_MODULE = YES;
				DEVELOPMENT_TEAM = Z25J3BA353;
				DYLIB_COMPATIBILITY_VERSION = 1;
				DYLIB_CURRENT_VERSION = 1;
				DYLIB_INSTALL_NAME_BASE = "@rpath";
				INFOPLIST_FILE = "$(SRCROOT)/STPickerView/FramewordInfo/Info.plist";
				INSTALL_PATH = "$(LOCAL_LIBRARY_DIR)/Frameworks";
				LD_RUNPATH_SEARCH_PATHS = "$(inherited) @executable_path/Frameworks @loader_path/Frameworks";
				MACH_O_TYPE = staticlib;
				ONLY_ACTIVE_ARCH = NO;
				PRODUCT_BUNDLE_IDENTIFIER = com.st.cn.STPickerView;
				PRODUCT_NAME = "$(TARGET_NAME)";
				SKIP_INSTALL = YES;
				TARGETED_DEVICE_FAMILY = 1;
			};
			name = Debug;
		};
		70A435BB1E20877E001601A4 /* Release */ = {
			isa = XCBuildConfiguration;
			buildSettings = {
				CODE_SIGN_IDENTITY = "";
				DEFINES_MODULE = YES;
				DEVELOPMENT_TEAM = Z25J3BA353;
				DYLIB_COMPATIBILITY_VERSION = 1;
				DYLIB_CURRENT_VERSION = 1;
				DYLIB_INSTALL_NAME_BASE = "@rpath";
				INFOPLIST_FILE = "$(SRCROOT)/STPickerView/FramewordInfo/Info.plist";
				INSTALL_PATH = "$(LOCAL_LIBRARY_DIR)/Frameworks";
				LD_RUNPATH_SEARCH_PATHS = "$(inherited) @executable_path/Frameworks @loader_path/Frameworks";
				MACH_O_TYPE = staticlib;
				ONLY_ACTIVE_ARCH = NO;
				PRODUCT_BUNDLE_IDENTIFIER = com.st.cn.STPickerView;
				PRODUCT_NAME = "$(TARGET_NAME)";
				SKIP_INSTALL = YES;
				TARGETED_DEVICE_FAMILY = 1;
			};
			name = Release;
		};
/* End XCBuildConfiguration section */

/* Begin XCConfigurationList section */
		70A435AB1E20877E001601A4 /* Build configuration list for PBXProject "STPickerView" */ = {
			isa = XCConfigurationList;
			buildConfigurations = (
				70A435B71E20877E001601A4 /* Debug */,
				70A435B81E20877E001601A4 /* Release */,
			);
			defaultConfigurationIsVisible = 0;
			defaultConfigurationName = Release;
		};
		70A435B91E20877E001601A4 /* Build configuration list for PBXNativeTarget "STPickerView" */ = {
			isa = XCConfigurationList;
			buildConfigurations = (
				70A435BA1E20877E001601A4 /* Debug */,
				70A435BB1E20877E001601A4 /* Release */,
			);
			defaultConfigurationIsVisible = 0;
			defaultConfigurationName = Release;
		};
/* End XCConfigurationList section */
	};
	rootObject = 70A435A81E20877E001601A4 /* Project object */;
}
