// !$*UTF8*$!
{
	archiveVersion = 1;
	classes = {
	};
	objectVersion = 46;
	objects = {

/* Begin PBXBuildFile section */
		670A02741C73DE6A00BF8110 /* STToolbar.m in Sources */ = {isa = PBXBuildFile; fileRef = 670A02731C73DE6A00BF8110 /* STToolbar.m */; };
		670A02771C73DEB100BF8110 /* STPickerView.m in Sources */ = {isa = PBXBuildFile; fileRef = 670A02761C73DEB100BF8110 /* STPickerView.m */; };
		777A08B31C72BC300039A455 /* STConst.m in Sources */ = {isa = PBXBuildFile; fileRef = 777A08AE1C72BC300039A455 /* STConst.m */; };
		777A08B41C72BC300039A455 /* STUI.m in Sources */ = {isa = PBXBuildFile; fileRef = 777A08B01C72BC300039A455 /* STUI.m */; };
		777A08B51C72BC300039A455 /* UIView+ST.m in Sources */ = {isa = PBXBuildFile; fileRef = 777A08B21C72BC300039A455 /* UIView+ST.m */; };
		777A08BA1C72C9C60039A455 /* STPickerSingle.m in Sources */ = {isa = PBXBuildFile; fileRef = 777A08B91C72C9C60039A455 /* STPickerSingle.m */; };
		777A08BE1C72F0590039A455 /* STPickerDate.m in Sources */ = {isa = PBXBuildFile; fileRef = 777A08BD1C72F0590039A455 /* STPickerDate.m */; };
		777A08C11C72F7680039A455 /* NSCalendar+ST.m in Sources */ = {isa = PBXBuildFile; fileRef = 777A08C01C72F7680039A455 /* NSCalendar+ST.m */; };
		777FD6B71C71B0C700F2471B /* main.m in Sources */ = {isa = PBXBuildFile; fileRef = 777FD6B61C71B0C700F2471B /* main.m */; };
		777FD6BA1C71B0C700F2471B /* AppDelegate.m in Sources */ = {isa = PBXBuildFile; fileRef = 777FD6B91C71B0C700F2471B /* AppDelegate.m */; };
		777FD6BD1C71B0C700F2471B /* ViewController.m in Sources */ = {isa = PBXBuildFile; fileRef = 777FD6BC1C71B0C700F2471B /* ViewController.m */; };
		777FD6C01C71B0C700F2471B /* Main.storyboard in Resources */ = {isa = PBXBuildFile; fileRef = 777FD6BE1C71B0C700F2471B /* Main.storyboard */; };
		777FD6C21C71B0C700F2471B /* Assets.xcassets in Resources */ = {isa = PBXBuildFile; fileRef = 777FD6C11C71B0C700F2471B /* Assets.xcassets */; };
		777FD6C51C71B0C700F2471B /* LaunchScreen.storyboard in Resources */ = {isa = PBXBuildFile; fileRef = 777FD6C31C71B0C700F2471B /* LaunchScreen.storyboard */; };
		777FD6CF1C71B15400F2471B /* area.plist in Resources */ = {isa = PBXBuildFile; fileRef = 777FD6CE1C71B15400F2471B /* area.plist */; };
		777FD6D21C71B1AE00F2471B /* STPickerArea.m in Sources */ = {isa = PBXBuildFile; fileRef = 777FD6D11C71B1AE00F2471B /* STPickerArea.m */; };
/* End PBXBuildFile section */

/* Begin PBXFileReference section */
		670A02721C73DE6A00BF8110 /* STToolbar.h */ = {isa = PBXFileReference; fileEncoding = 4; lastKnownFileType = sourcecode.c.h; path = STToolbar.h; sourceTree = "<group>"; };
		670A02731C73DE6A00BF8110 /* STToolbar.m */ = {isa = PBXFileReference; fileEncoding = 4; lastKnownFileType = sourcecode.c.objc; path = STToolbar.m; sourceTree = "<group>"; };
		670A02751C73DEB100BF8110 /* STPickerView.h */ = {isa = PBXFileReference; fileEncoding = 4; lastKnownFileType = sourcecode.c.h; path = STPickerView.h; sourceTree = "<group>"; };
		670A02761C73DEB100BF8110 /* STPickerView.m */ = {isa = PBXFileReference; fileEncoding = 4; lastKnownFileType = sourcecode.c.objc; path = STPickerView.m; sourceTree = "<group>"; };
		777A08AD1C72BC300039A455 /* STConst.h */ = {isa = PBXFileReference; fileEncoding = 4; lastKnownFileType = sourcecode.c.h; path = STConst.h; sourceTree = "<group>"; };
		777A08AE1C72BC300039A455 /* STConst.m */ = {isa = PBXFileReference; fileEncoding = 4; lastKnownFileType = sourcecode.c.objc; path = STConst.m; sourceTree = "<group>"; };
		777A08AF1C72BC300039A455 /* STUI.h */ = {isa = PBXFileReference; fileEncoding = 4; lastKnownFileType = sourcecode.c.h; path = STUI.h; sourceTree = "<group>"; };
		777A08B01C72BC300039A455 /* STUI.m */ = {isa = PBXFileReference; fileEncoding = 4; lastKnownFileType = sourcecode.c.objc; path = STUI.m; sourceTree = "<group>"; };
		777A08B11C72BC300039A455 /* UIView+ST.h */ = {isa = PBXFileReference; fileEncoding = 4; lastKnownFileType = sourcecode.c.h; path = "UIView+ST.h"; sourceTree = "<group>"; };
		777A08B21C72BC300039A455 /* UIView+ST.m */ = {isa = PBXFileReference; fileEncoding = 4; lastKnownFileType = sourcecode.c.objc; path = "UIView+ST.m"; sourceTree = "<group>"; };
		777A08B61C72BC470039A455 /* STConfig.h */ = {isa = PBXFileReference; lastKnownFileType = sourcecode.c.h; path = STConfig.h; sourceTree = "<group>"; };
		777A08B81C72C9C60039A455 /* STPickerSingle.h */ = {isa = PBXFileReference; fileEncoding = 4; lastKnownFileType = sourcecode.c.h; path = STPickerSingle.h; sourceTree = "<group>"; };
		777A08B91C72C9C60039A455 /* STPickerSingle.m */ = {isa = PBXFileReference; fileEncoding = 4; lastKnownFileType = sourcecode.c.objc; path = STPickerSingle.m; sourceTree = "<group>"; };
		777A08BC1C72F0590039A455 /* STPickerDate.h */ = {isa = PBXFileReference; fileEncoding = 4; lastKnownFileType = sourcecode.c.h; path = STPickerDate.h; sourceTree = "<group>"; };
		777A08BD1C72F0590039A455 /* STPickerDate.m */ = {isa = PBXFileReference; fileEncoding = 4; lastKnownFileType = sourcecode.c.objc; path = STPickerDate.m; sourceTree = "<group>"; };
		777A08BF1C72F7680039A455 /* NSCalendar+ST.h */ = {isa = PBXFileReference; fileEncoding = 4; lastKnownFileType = sourcecode.c.h; path = "NSCalendar+ST.h"; sourceTree = "<group>"; };
		777A08C01C72F7680039A455 /* NSCalendar+ST.m */ = {isa = PBXFileReference; fileEncoding = 4; lastKnownFileType = sourcecode.c.objc; path = "NSCalendar+ST.m"; sourceTree = "<group>"; };
		777FD6B21C71B0C700F2471B /* STPickerView.app */ = {isa = PBXFileReference; explicitFileType = wrapper.application; includeInIndex = 0; path = STPickerView.app; sourceTree = BUILT_PRODUCTS_DIR; };
		777FD6B61C71B0C700F2471B /* main.m */ = {isa = PBXFileReference; lastKnownFileType = sourcecode.c.objc; path = main.m; sourceTree = "<group>"; };
		777FD6B81C71B0C700F2471B /* AppDelegate.h */ = {isa = PBXFileReference; lastKnownFileType = sourcecode.c.h; path = AppDelegate.h; sourceTree = "<group>"; };
		777FD6B91C71B0C700F2471B /* AppDelegate.m */ = {isa = PBXFileReference; lastKnownFileType = sourcecode.c.objc; path = AppDelegate.m; sourceTree = "<group>"; };
		777FD6BB1C71B0C700F2471B /* ViewController.h */ = {isa = PBXFileReference; lastKnownFileType = sourcecode.c.h; path = ViewController.h; sourceTree = "<group>"; };
		777FD6BC1C71B0C700F2471B /* ViewController.m */ = {isa = PBXFileReference; lastKnownFileType = sourcecode.c.objc; path = ViewController.m; sourceTree = "<group>"; };
		777FD6BF1C71B0C700F2471B /* Base */ = {isa = PBXFileReference; lastKnownFileType = file.storyboard; name = Base; path = Base.lproj/Main.storyboard; sourceTree = "<group>"; };
		777FD6C11C71B0C700F2471B /* Assets.xcassets */ = {isa = PBXFileReference; lastKnownFileType = folder.assetcatalog; path = Assets.xcassets; sourceTree = "<group>"; };
		777FD6C41C71B0C700F2471B /* Base */ = {isa = PBXFileReference; lastKnownFileType = file.storyboard; name = Base; path = Base.lproj/LaunchScreen.storyboard; sourceTree = "<group>"; };
		777FD6C61C71B0C700F2471B /* Info.plist */ = {isa = PBXFileReference; lastKnownFileType = text.plist.xml; path = Info.plist; sourceTree = "<group>"; };
		777FD6CE1C71B15400F2471B /* area.plist */ = {isa = PBXFileReference; fileEncoding = 4; lastKnownFileType = text.plist.xml; path = area.plist; sourceTree = "<group>"; };
		777FD6D01C71B1AE00F2471B /* STPickerArea.h */ = {isa = PBXFileReference; fileEncoding = 4; lastKnownFileType = sourcecode.c.h; path = STPickerArea.h; sourceTree = "<group>"; };
		777FD6D11C71B1AE00F2471B /* STPickerArea.m */ = {isa = PBXFileReference; fileEncoding = 4; lastKnownFileType = sourcecode.c.objc; path = STPickerArea.m; sourceTree = "<group>"; };
/* End PBXFileReference section */

/* Begin PBXFrameworksBuildPhase section */
		777FD6AF1C71B0C700F2471B /* Frameworks */ = {
			isa = PBXFrameworksBuildPhase;
			buildActionMask = 2147483647;
			files = (
			);
			runOnlyForDeploymentPostprocessing = 0;
		};
/* End PBXFrameworksBuildPhase section */

/* Begin PBXGroup section */
		670A02711C73DE4B00BF8110 /* STPickerView */ = {
			isa = PBXGroup;
			children = (
				670A02721C73DE6A00BF8110 /* STToolbar.h */,
				670A02731C73DE6A00BF8110 /* STToolbar.m */,
				670A02751C73DEB100BF8110 /* STPickerView.h */,
				670A02761C73DEB100BF8110 /* STPickerView.m */,
			);
			path = STPickerView;
			sourceTree = "<group>";
		};
		777A08AC1C72BC300039A455 /* STConfig */ = {
			isa = PBXGroup;
			children = (
				777A08B61C72BC470039A455 /* STConfig.h */,
				777A08AD1C72BC300039A455 /* STConst.h */,
				777A08AE1C72BC300039A455 /* STConst.m */,
				777A08AF1C72BC300039A455 /* STUI.h */,
				777A08B01C72BC300039A455 /* STUI.m */,
				777A08B11C72BC300039A455 /* UIView+ST.h */,
				777A08B21C72BC300039A455 /* UIView+ST.m */,
			);
			path = STConfig;
			sourceTree = "<group>";
		};
		777A08B71C72C9960039A455 /* Single(单数组) */ = {
			isa = PBXGroup;
			children = (
				777A08B81C72C9C60039A455 /* STPickerSingle.h */,
				777A08B91C72C9C60039A455 /* STPickerSingle.m */,
			);
			path = "Single(单数组)";
			sourceTree = "<group>";
		};
		777A08BB1C72F02E0039A455 /* Date(日期) */ = {
			isa = PBXGroup;
			children = (
				777A08BC1C72F0590039A455 /* STPickerDate.h */,
				777A08BD1C72F0590039A455 /* STPickerDate.m */,
				777A08BF1C72F7680039A455 /* NSCalendar+ST.h */,
				777A08C01C72F7680039A455 /* NSCalendar+ST.m */,
			);
			path = "Date(日期)";
			sourceTree = "<group>";
		};
		777FD6A91C71B0C700F2471B = {
			isa = PBXGroup;
			children = (
				777FD6B41C71B0C700F2471B /* STPickerView */,
				777FD6B31C71B0C700F2471B /* Products */,
			);
			sourceTree = "<group>";
		};
		777FD6B31C71B0C700F2471B /* Products */ = {
			isa = PBXGroup;
			children = (
				777FD6B21C71B0C700F2471B /* STPickerView.app */,
			);
			name = Products;
			sourceTree = "<group>";
		};
		777FD6B41C71B0C700F2471B /* STPickerView */ = {
			isa = PBXGroup;
			children = (
				777A08AC1C72BC300039A455 /* STConfig */,
				670A02711C73DE4B00BF8110 /* STPickerView */,
				777A08BB1C72F02E0039A455 /* Date(日期) */,
				777A08B71C72C9960039A455 /* Single(单数组) */,
				777FD6CD1C71B13A00F2471B /* Area(地区) */,
				777FD6B81C71B0C700F2471B /* AppDelegate.h */,
				777FD6B91C71B0C700F2471B /* AppDelegate.m */,
				777FD6BB1C71B0C700F2471B /* ViewController.h */,
				777FD6BC1C71B0C700F2471B /* ViewController.m */,
				777FD6BE1C71B0C700F2471B /* Main.storyboard */,
				777FD6C11C71B0C700F2471B /* Assets.xcassets */,
				777FD6C31C71B0C700F2471B /* LaunchScreen.storyboard */,
				777FD6C61C71B0C700F2471B /* Info.plist */,
				777FD6B51C71B0C700F2471B /* Supporting Files */,
			);
			path = STPickerView;
			sourceTree = "<group>";
		};
		777FD6B51C71B0C700F2471B /* Supporting Files */ = {
			isa = PBXGroup;
			children = (
				777FD6B61C71B0C700F2471B /* main.m */,
			);
			name = "Supporting Files";
			sourceTree = "<group>";
		};
		777FD6CD1C71B13A00F2471B /* Area(地区) */ = {
			isa = PBXGroup;
			children = (
				777FD6CE1C71B15400F2471B /* area.plist */,
				777FD6D01C71B1AE00F2471B /* STPickerArea.h */,
				777FD6D11C71B1AE00F2471B /* STPickerArea.m */,
			);
			path = "Area(地区)";
			sourceTree = "<group>";
		};
/* End PBXGroup section */

/* Begin PBXNativeTarget section */
		777FD6B11C71B0C700F2471B /* STPickerView */ = {
			isa = PBXNativeTarget;
			buildConfigurationList = 777FD6C91C71B0C700F2471B /* Build configuration list for PBXNativeTarget "STPickerView" */;
			buildPhases = (
				777FD6AE1C71B0C700F2471B /* Sources */,
				777FD6AF1C71B0C700F2471B /* Frameworks */,
				777FD6B01C71B0C700F2471B /* Resources */,
			);
			buildRules = (
			);
			dependencies = (
			);
			name = STPickerView;
			productName = STPickerView;
			productReference = 777FD6B21C71B0C700F2471B /* STPickerView.app */;
			productType = "com.apple.product-type.application";
		};
/* End PBXNativeTarget section */

/* Begin PBXProject section */
		777FD6AA1C71B0C700F2471B /* Project object */ = {
			isa = PBXProject;
			attributes = {
				LastUpgradeCheck = 0710;
				ORGANIZATIONNAME = shentian;
				TargetAttributes = {
					777FD6B11C71B0C700F2471B = {
						CreatedOnToolsVersion = 7.1;
						DevelopmentTeam = Z25J3BA353;
					};
				};
			};
			buildConfigurationList = 777FD6AD1C71B0C700F2471B /* Build configuration list for PBXProject "STPickerView" */;
			compatibilityVersion = "Xcode 3.2";
			developmentRegion = English;
			hasScannedForEncodings = 0;
			knownRegions = (
				en,
				Base,
			);
			mainGroup = 777FD6A91C71B0C700F2471B;
			productRefGroup = 777FD6B31C71B0C700F2471B /* Products */;
			projectDirPath = "";
			projectRoot = "";
			targets = (
				777FD6B11C71B0C700F2471B /* STPickerView */,
			);
		};
/* End PBXProject section */

/* Begin PBXResourcesBuildPhase section */
		777FD6B01C71B0C700F2471B /* Resources */ = {
			isa = PBXResourcesBuildPhase;
			buildActionMask = 2147483647;
			files = (
				777FD6C51C71B0C700F2471B /* LaunchScreen.storyboard in Resources */,
				777FD6CF1C71B15400F2471B /* area.plist in Resources */,
				777FD6C21C71B0C700F2471B /* Assets.xcassets in Resources */,
				777FD6C01C71B0C700F2471B /* Main.storyboard in Resources */,
			);
			runOnlyForDeploymentPostprocessing = 0;
		};
/* End PBXResourcesBuildPhase section */

/* Begin PBXSourcesBuildPhase section */
		777FD6AE1C71B0C700F2471B /* Sources */ = {
			isa = PBXSourcesBuildPhase;
			buildActionMask = 2147483647;
			files = (
				670A02741C73DE6A00BF8110 /* STToolbar.m in Sources */,
				670A02771C73DEB100BF8110 /* STPickerView.m in Sources */,
				777A08B31C72BC300039A455 /* STConst.m in Sources */,
				777A08B51C72BC300039A455 /* UIView+ST.m in Sources */,
				777FD6BD1C71B0C700F2471B /* ViewController.m in Sources */,
				777A08B41C72BC300039A455 /* STUI.m in Sources */,
				777A08BA1C72C9C60039A455 /* STPickerSingle.m in Sources */,
				777FD6BA1C71B0C700F2471B /* AppDelegate.m in Sources */,
				777FD6B71C71B0C700F2471B /* main.m in Sources */,
				777A08BE1C72F0590039A455 /* STPickerDate.m in Sources */,
				777A08C11C72F7680039A455 /* NSCalendar+ST.m in Sources */,
				777FD6D21C71B1AE00F2471B /* STPickerArea.m in Sources */,
			);
			runOnlyForDeploymentPostprocessing = 0;
		};
/* End PBXSourcesBuildPhase section */

/* Begin PBXVariantGroup section */
		777FD6BE1C71B0C700F2471B /* Main.storyboard */ = {
			isa = PBXVariantGroup;
			children = (
				777FD6BF1C71B0C700F2471B /* Base */,
			);
			name = Main.storyboard;
			sourceTree = "<group>";
		};
		777FD6C31C71B0C700F2471B /* LaunchScreen.storyboard */ = {
			isa = PBXVariantGroup;
			children = (
				777FD6C41C71B0C700F2471B /* Base */,
			);
			name = LaunchScreen.storyboard;
			sourceTree = "<group>";
		};
/* End PBXVariantGroup section */

/* Begin XCBuildConfiguration section */
		777FD6C71C71B0C700F2471B /* Debug */ = {
			isa = XCBuildConfiguration;
			buildSettings = {
				ALWAYS_SEARCH_USER_PATHS = NO;
				CLANG_CXX_LANGUAGE_STANDARD = "gnu++0x";
				CLANG_CXX_LIBRARY = "libc++";
				CLANG_ENABLE_MODULES = YES;
				CLANG_ENABLE_OBJC_ARC = YES;
				CLANG_WARN_BOOL_CONVERSION = YES;
				CLANG_WARN_CONSTANT_CONVERSION = YES;
				CLANG_WARN_DIRECT_OBJC_ISA_USAGE = YES_ERROR;
				CLANG_WARN_EMPTY_BODY = YES;
				CLANG_WARN_ENUM_CONVERSION = YES;
				CLANG_WARN_INT_CONVERSION = YES;
				CLANG_WARN_OBJC_ROOT_CLASS = YES_ERROR;
				CLANG_WARN_UNREACHABLE_CODE = YES;
				CLANG_WARN__DUPLICATE_METHOD_MATCH = YES;
				"CODE_SIGN_IDENTITY[sdk=iphoneos*]" = "iPhone Developer";
				COPY_PHASE_STRIP = NO;
				DEBUG_INFORMATION_FORMAT = dwarf;
				ENABLE_STRICT_OBJC_MSGSEND = YES;
				ENABLE_TESTABILITY = YES;
				GCC_C_LANGUAGE_STANDARD = gnu99;
				GCC_DYNAMIC_NO_PIC = NO;
				GCC_NO_COMMON_BLOCKS = YES;
				GCC_OPTIMIZATION_LEVEL = 0;
				GCC_PREPROCESSOR_DEFINITIONS = (
					"DEBUG=1",
					"$(inherited)",
				);
				GCC_WARN_64_TO_32_BIT_CONVERSION = YES;
				GCC_WARN_ABOUT_RETURN_TYPE = YES_ERROR;
				GCC_WARN_UNDECLARED_SELECTOR = YES;
				GCC_WARN_UNINITIALIZED_AUTOS = YES_AGGRESSIVE;
				GCC_WARN_UNUSED_FUNCTION = YES;
				GCC_WARN_UNUSED_VARIABLE = YES;
				IPHONEOS_DEPLOYMENT_TARGET = 9.1;
				MTL_ENABLE_DEBUG_INFO = YES;
				ONLY_ACTIVE_ARCH = YES;
				SDKROOT = iphoneos;
			};
			name = Debug;
		};
		777FD6C81C71B0C700F2471B /* Release */ = {
			isa = XCBuildConfiguration;
			buildSettings = {
				ALWAYS_SEARCH_USER_PATHS = NO;
				CLANG_CXX_LANGUAGE_STANDARD = "gnu++0x";
				CLANG_CXX_LIBRARY = "libc++";
				CLANG_ENABLE_MODULES = YES;
				CLANG_ENABLE_OBJC_ARC = YES;
				CLANG_WARN_BOOL_CONVERSION = YES;
				CLANG_WARN_CONSTANT_CONVERSION = YES;
				CLANG_WARN_DIRECT_OBJC_ISA_USAGE = YES_ERROR;
				CLANG_WARN_EMPTY_BODY = YES;
				CLANG_WARN_ENUM_CONVERSION = YES;
				CLANG_WARN_INT_CONVERSION = YES;
				CLANG_WARN_OBJC_ROOT_CLASS = YES_ERROR;
				CLANG_WARN_UNREACHABLE_CODE = YES;
				CLANG_WARN__DUPLICATE_METHOD_MATCH = YES;
				"CODE_SIGN_IDENTITY[sdk=iphoneos*]" = "iPhone Developer";
				COPY_PHASE_STRIP = NO;
				DEBUG_INFORMATION_FORMAT = "dwarf-with-dsym";
				ENABLE_NS_ASSERTIONS = NO;
				ENABLE_STRICT_OBJC_MSGSEND = YES;
				GCC_C_LANGUAGE_STANDARD = gnu99;
				GCC_NO_COMMON_BLOCKS = YES;
				GCC_WARN_64_TO_32_BIT_CONVERSION = YES;
				GCC_WARN_ABOUT_RETURN_TYPE = YES_ERROR;
				GCC_WARN_UNDECLARED_SELECTOR = YES;
				GCC_WARN_UNINITIALIZED_AUTOS = YES_AGGRESSIVE;
				GCC_WARN_UNUSED_FUNCTION = YES;
				GCC_WARN_UNUSED_VARIABLE = YES;
				IPHONEOS_DEPLOYMENT_TARGET = 9.1;
				MTL_ENABLE_DEBUG_INFO = NO;
				SDKROOT = iphoneos;
				VALIDATE_PRODUCT = YES;
			};
			name = Release;
		};
		777FD6CA1C71B0C700F2471B /* Debug */ = {
			isa = XCBuildConfiguration;
			buildSettings = {
				ASSETCATALOG_COMPILER_APPICON_NAME = AppIcon;
				INFOPLIST_FILE = STPickerView/Info.plist;
				LD_RUNPATH_SEARCH_PATHS = "$(inherited) @executable_path/Frameworks";
				PRODUCT_BUNDLE_IDENTIFIER = com.shentian.STPickerView;
				PRODUCT_NAME = "$(TARGET_NAME)";
			};
			name = Debug;
		};
		777FD6CB1C71B0C700F2471B /* Release */ = {
			isa = XCBuildConfiguration;
			buildSettings = {
				ASSETCATALOG_COMPILER_APPICON_NAME = AppIcon;
				INFOPLIST_FILE = STPickerView/Info.plist;
				LD_RUNPATH_SEARCH_PATHS = "$(inherited) @executable_path/Frameworks";
				PRODUCT_BUNDLE_IDENTIFIER = com.shentian.STPickerView;
				PRODUCT_NAME = "$(TARGET_NAME)";
			};
			name = Release;
		};
/* End XCBuildConfiguration section */

/* Begin XCConfigurationList section */
		777FD6AD1C71B0C700F2471B /* Build configuration list for PBXProject "STPickerView" */ = {
			isa = XCConfigurationList;
			buildConfigurations = (
				777FD6C71C71B0C700F2471B /* Debug */,
				777FD6C81C71B0C700F2471B /* Release */,
			);
			defaultConfigurationIsVisible = 0;
			defaultConfigurationName = Release;
		};
		777FD6C91C71B0C700F2471B /* Build configuration list for PBXNativeTarget "STPickerView" */ = {
			isa = XCConfigurationList;
			buildConfigurations = (
				777FD6CA1C71B0C700F2471B /* Debug */,
				777FD6CB1C71B0C700F2471B /* Release */,
			);
			defaultConfigurationIsVisible = 0;
			defaultConfigurationName = Release;
		};
/* End XCConfigurationList section */
	};
	rootObject = 777FD6AA1C71B0C700F2471B /* Project object */;
}
